
Microsoft Visual Studio Solution File, Format Version 12.00
Project("{2150E333-8FDC-42A3-9474-1A3956D46DE8}") = "Solution Items", "Solution Items", "{9CE10E32-9DBB-43AC-9DCB-BA7BC7724BDC}"
EndProject
Project("{2150E333-8FDC-42A3-9474-1A3956D46DE8}") = "src", "src", "{4D2FE3F6-8E38-4F51-A817-9E4F231B43AB}"
EndProject
Project("{FAE04EC0-301F-11D3-BF4B-00C04F79EFBC}") = "LukeParkerDev.Web", "LukeParkerDev.Web\LukeParkerDev.Web.csproj", "{43495F97-2035-4620-9016-97F5E2521C37}"
EndProject
Project("{FAE04EC0-301F-11D3-BF4B-00C04F79EFBC}") = "LukeParkerDev.Blog", "LukeParkerDev.Blog\LukeParkerDev.Blog.csproj", "{4DAB0E6C-8461-4901-9E72-C1CC54AD81E7}"
EndProject
Project("{FAE04EC0-301F-11D3-BF4B-00C04F79EFBC}") = "LukeParkerDev.BuildJob", "LukeParkerDev.BuildJob\LukeParkerDev.BuildJob.csproj", "{50B205D4-6ACA-4EB4-9BCC-DF279F0CAF69}"
EndProject
Project("{FAE04EC0-301F-11D3-BF4B-00C04F79EFBC}") = "LukeParkerDev.Blog.Editor", "LukeParkerDev.Blog.Editor\LukeParkerDev.Blog.Editor.csproj", "{0E7875E0-D7FA-4A02-96B9-38BFD602BF06}"
EndProject
Project("{2150E333-8FDC-42A3-9474-1A3956D46DE8}") = "WebUI", "WebUI", "{53F94E15-B8A0-4A05-8FD5-F03644C27C0D}"
EndProject
Project("{2150E333-8FDC-42A3-9474-1A3956D46DE8}") = "Content", "Content", "{A0F84191-E48B-40DD-BC8C-FE9F3EC82AD4}"
EndProject
Project("{2150E333-8FDC-42A3-9474-1A3956D46DE8}") = "BuildTools", "BuildTools", "{21CDA2C0-4424-49BC-B350-7D43784D32FE}"
EndProject
Project("{FAE04EC0-301F-11D3-BF4B-00C04F79EFBC}") = "LukeParkerDev.Web.SharedUI", "LukeParkerDev.Web.SharedUI\LukeParkerDev.Web.SharedUI.csproj", "{63973BE2-9787-4979-97F5-6DFE9515040D}"
EndProject
Global
	GlobalSection(SolutionConfigurationPlatforms) = preSolution
		Debug|Any CPU = Debug|Any CPU
		Release|Any CPU = Release|Any CPU
	EndGlobalSection
	GlobalSection(NestedProjects) = preSolution
		{53F94E15-B8A0-4A05-8FD5-F03644C27C0D} = {4D2FE3F6-8E38-4F51-A817-9E4F231B43AB}
		{43495F97-2035-4620-9016-97F5E2521C37} = {53F94E15-B8A0-4A05-8FD5-F03644C27C0D}
		{0E7875E0-D7FA-4A02-96B9-38BFD602BF06} = {53F94E15-B8A0-4A05-8FD5-F03644C27C0D}
		{A0F84191-E48B-40DD-BC8C-FE9F3EC82AD4} = {4D2FE3F6-8E38-4F51-A817-9E4F231B43AB}
		{4DAB0E6C-8461-4901-9E72-C1CC54AD81E7} = {A0F84191-E48B-40DD-BC8C-FE9F3EC82AD4}
		{21CDA2C0-4424-49BC-B350-7D43784D32FE} = {4D2FE3F6-8E38-4F51-A817-9E4F231B43AB}
		{50B205D4-6ACA-4EB4-9BCC-DF279F0CAF69} = {21CDA2C0-4424-49BC-B350-7D43784D32FE}
		{63973BE2-9787-4979-97F5-6DFE9515040D} = {53F94E15-B8A0-4A05-8FD5-F03644C27C0D}
	EndGlobalSection
	GlobalSection(ProjectConfigurationPlatforms) = postSolution
		{43495F97-2035-4620-9016-97F5E2521C37}.Debug|Any CPU.ActiveCfg = Debug|Any CPU
		{43495F97-2035-4620-9016-97F5E2521C37}.Debug|Any CPU.Build.0 = Debug|Any CPU
		{43495F97-2035-4620-9016-97F5E2521C37}.Release|Any CPU.ActiveCfg = Release|Any CPU
		{43495F97-2035-4620-9016-97F5E2521C37}.Release|Any CPU.Build.0 = Release|Any CPU
		{4DAB0E6C-8461-4901-9E72-C1CC54AD81E7}.Debug|Any CPU.ActiveCfg = Debug|Any CPU
		{4DAB0E6C-8461-4901-9E72-C1CC54AD81E7}.Debug|Any CPU.Build.0 = Debug|Any CPU
		{4DAB0E6C-8461-4901-9E72-C1CC54AD81E7}.Release|Any CPU.ActiveCfg = Release|Any CPU
		{4DAB0E6C-8461-4901-9E72-C1CC54AD81E7}.Release|Any CPU.Build.0 = Release|Any CPU
		{50B205D4-6ACA-4EB4-9BCC-DF279F0CAF69}.Debug|Any CPU.ActiveCfg = Debug|Any CPU
		{50B205D4-6ACA-4EB4-9BCC-DF279F0CAF69}.Debug|Any CPU.Build.0 = Debug|Any CPU
		{50B205D4-6ACA-4EB4-9BCC-DF279F0CAF69}.Release|Any CPU.ActiveCfg = Release|Any CPU
		{50B205D4-6ACA-4EB4-9BCC-DF279F0CAF69}.Release|Any CPU.Build.0 = Release|Any CPU
		{0E7875E0-D7FA-4A02-96B9-38BFD602BF06}.Debug|Any CPU.ActiveCfg = Debug|Any CPU
		{0E7875E0-D7FA-4A02-96B9-38BFD602BF06}.Debug|Any CPU.Build.0 = Debug|Any CPU
		{0E7875E0-D7FA-4A02-96B9-38BFD602BF06}.Release|Any CPU.ActiveCfg = Release|Any CPU
		{0E7875E0-D7FA-4A02-96B9-38BFD602BF06}.Release|Any CPU.Build.0 = Release|Any CPU
		{63973BE2-9787-4979-97F5-6DFE9515040D}.Debug|Any CPU.ActiveCfg = Debug|Any CPU
		{63973BE2-9787-4979-97F5-6DFE9515040D}.Debug|Any CPU.Build.0 = Debug|Any CPU
		{63973BE2-9787-4979-97F5-6DFE9515040D}.Release|Any CPU.ActiveCfg = Release|Any CPU
		{63973BE2-9787-4979-97F5-6DFE9515040D}.Release|Any CPU.Build.0 = Release|Any CPU
	EndGlobalSection
EndGlobal
